
Microsoft Visual Studio Solution File, Format Version 12.00
Project("{FAE04EC0-301F-11D3-BF4B-00C04F79EFBC}") = "DNSSpeedTester", "DNSSpeedTester.csproj", "{C1E8B880-38CF-4268-B742-ACDCC6813EC7}"
EndProject
Global
	GlobalSection(SolutionConfigurationPlatforms) = preSolution
		Debug|Any CPU = Debug|Any CPU
		Release|Any CPU = Release|Any CPU
	EndGlobalSection
	GlobalSection(ProjectConfigurationPlatforms) = postSolution
		{C1E8B880-38CF-4268-B742-ACDCC6813EC7}.Debug|Any CPU.ActiveCfg = Debug|Any CPU
		{C1E8B880-38CF-4268-B742-ACDCC6813EC7}.Debug|Any CPU.Build.0 = Debug|Any CPU
		{C1E8B880-38CF-4268-B742-ACDCC6813EC7}.Release|Any CPU.ActiveCfg = Release|Any CPU
		{C1E8B880-38CF-4268-B742-ACDCC6813EC7}.Release|Any CPU.Build.0 = Release|Any CPU
	EndGlobalSection
EndGlobal
